
Microsoft Visual Studio Solution File, Format Version 12.00
# Visual Studio 15
VisualStudioVersion = 15.0.26730.16
MinimumVisualStudioVersion = 10.0.40219.1
Project("{FAE04EC0-301F-11D3-BF4B-00C04F79EFBC}") = "Math Quiz", "Math Quiz\Math Quiz.csproj", "{894F922E-82A0-4F7C-94B0-E53646A9518A}"
EndProject
Global
	GlobalSection(SolutionConfigurationPlatforms) = preSolution
		Debug|Any CPU = Debug|Any CPU
		Release|Any CPU = Release|Any CPU
	EndGlobalSection
	GlobalSection(ProjectConfigurationPlatforms) = postSolution
		{894F922E-82A0-4F7C-94B0-E53646A9518A}.Debug|Any CPU.ActiveCfg = Debug|Any CPU
		{894F922E-82A0-4F7C-94B0-E53646A9518A}.Debug|Any CPU.Build.0 = Debug|Any CPU
		{894F922E-82A0-4F7C-94B0-E53646A9518A}.Release|Any CPU.ActiveCfg = Release|Any CPU
		{894F922E-82A0-4F7C-94B0-E53646A9518A}.Release|Any CPU.Build.0 = Release|Any CPU
	EndGlobalSection
	GlobalSection(SolutionProperties) = preSolution
		HideSolutionNode = FALSE
	EndGlobalSection
	GlobalSection(ExtensibilityGlobals) = postSolution
		SolutionGuid = {1297B1CF-1D33-4D29-933C-D3267E5D4329}
	EndGlobalSection
EndGlobal
